// !$*UTF8*$!
{
	archiveVersion = 1;
	classes = {
	};
	objectVersion = 50;
	objects = {

/* Begin PBXBuildFile section */
		2204612F2456BE0500B7552B /* AppDelegate.swift in Sources */ = {isa = PBXBuildFile; fileRef = 2204612E2456BE0500B7552B /* AppDelegate.swift */; };
		220461312456BE0500B7552B /* SceneDelegate.swift in Sources */ = {isa = PBXBuildFile; fileRef = 220461302456BE0500B7552B /* SceneDelegate.swift */; };
		220461332456BE0500B7552B /* ViewController.swift in Sources */ = {isa = PBXBuildFile; fileRef = 220461322456BE0500B7552B /* ViewController.swift */; };
		220461362456BE0500B7552B /* Main.storyboard in Resources */ = {isa = PBXBuildFile; fileRef = 220461342456BE0500B7552B /* Main.storyboard */; };
		220461382456BE0900B7552B /* Assets.xcassets in Resources */ = {isa = PBXBuildFile; fileRef = 220461372456BE0900B7552B /* Assets.xcassets */; };
		2204613B2456BE0900B7552B /* LaunchScreen.storyboard in Resources */ = {isa = PBXBuildFile; fileRef = 220461392456BE0900B7552B /* LaunchScreen.storyboard */; };
/* End PBXBuildFile section */

/* Begin PBXFileReference section */
		2204612B2456BE0500B7552B /* Phones List.app */ = {isa = PBXFileReference; explicitFileType = wrapper.application; includeInIndex = 0; path = "Phones List.app"; sourceTree = BUILT_PRODUCTS_DIR; };
		2204612E2456BE0500B7552B /* AppDelegate.swift */ = {isa = PBXFileReference; lastKnownFileType = sourcecode.swift; path = AppDelegate.swift; sourceTree = "<group>"; };
		220461302456BE0500B7552B /* SceneDelegate.swift */ = {isa = PBXFileReference; lastKnownFileType = sourcecode.swift; path = SceneDelegate.swift; sourceTree = "<group>"; };
		220461322456BE0500B7552B /* ViewController.swift */ = {isa = PBXFileReference; lastKnownFileType = sourcecode.swift; path = ViewController.swift; sourceTree = "<group>"; };
		220461352456BE0500B7552B /* Base */ = {isa = PBXFileReference; lastKnownFileType = file.storyboard; name = Base; path = Base.lproj/Main.storyboard; sourceTree = "<group>"; };
		220461372456BE0900B7552B /* Assets.xcassets */ = {isa = PBXFileReference; lastKnownFileType = folder.assetcatalog; path = Assets.xcassets; sourceTree = "<group>"; };
		2204613A2456BE0900B7552B /* Base */ = {isa = PBXFileReference; lastKnownFileType = file.storyboard; name = Base; path = Base.lproj/LaunchScreen.storyboard; sourceTree = "<group>"; };
		2204613C2456BE0900B7552B /* Info.plist */ = {isa = PBXFileReference; lastKnownFileType = text.plist.xml; path = Info.plist; sourceTree = "<group>"; };
/* End PBXFileReference section */

/* Begin PBXFrameworksBuildPhase section */
		220461282456BE0500B7552B /* Frameworks */ = {
			isa = PBXFrameworksBuildPhase;
			buildActionMask = 2147483647;
			files = (
			);
			runOnlyForDeploymentPostprocessing = 0;
		};
/* End PBXFrameworksBuildPhase section */

/* Begin PBXGroup section */
		220461222456BE0500B7552B = {
			isa = PBXGroup;
			children = (
				2204612D2456BE0500B7552B /* PhonesList */,
				2204612C2456BE0500B7552B /* Products */,
			);
			sourceTree = "<group>";
		};
		2204612C2456BE0500B7552B /* Products */ = {
			isa = PBXGroup;
			children = (
				2204612B2456BE0500B7552B /* Phones List.app */,
			);
			name = Products;
			sourceTree = "<group>";
		};
		2204612D2456BE0500B7552B /* PhonesList */ = {
			isa = PBXGroup;
			children = (
				2204612E2456BE0500B7552B /* AppDelegate.swift */,
				220461302456BE0500B7552B /* SceneDelegate.swift */,
				220461432456BE4E00B7552B /* Constants */,
				220461422456BE4300B7552B /* MVC */,
				220461372456BE0900B7552B /* Assets.xcassets */,
				220461392456BE0900B7552B /* LaunchScreen.storyboard */,
				2204613C2456BE0900B7552B /* Info.plist */,
			);
			path = PhonesList;
			sourceTree = "<group>";
		};
		220461422456BE4300B7552B /* MVC */ = {
			isa = PBXGroup;
			children = (
				220461442456BE6800B7552B /* Models */,
				220461462456BE7F00B7552B /* Storyboards */,
				220461452456BE7000B7552B /* Controllers */,
			);
			path = MVC;
			sourceTree = "<group>";
		};
		220461432456BE4E00B7552B /* Constants */ = {
			isa = PBXGroup;
			children = (
			);
			path = Constants;
			sourceTree = "<group>";
		};
		220461442456BE6800B7552B /* Models */ = {
			isa = PBXGroup;
			children = (
			);
			path = Models;
			sourceTree = "<group>";
		};
		220461452456BE7000B7552B /* Controllers */ = {
			isa = PBXGroup;
			children = (
				220461322456BE0500B7552B /* ViewController.swift */,
			);
			path = Controllers;
			sourceTree = "<group>";
		};
		220461462456BE7F00B7552B /* Storyboards */ = {
			isa = PBXGroup;
			children = (
				220461342456BE0500B7552B /* Main.storyboard */,
			);
			path = Storyboards;
			sourceTree = "<group>";
		};
/* End PBXGroup section */

/* Begin PBXNativeTarget section */
		2204612A2456BE0500B7552B /* PhonesList */ = {
			isa = PBXNativeTarget;
			buildConfigurationList = 2204613F2456BE0900B7552B /* Build configuration list for PBXNativeTarget "PhonesList" */;
			buildPhases = (
				220461272456BE0500B7552B /* Sources */,
				220461282456BE0500B7552B /* Frameworks */,
				220461292456BE0500B7552B /* Resources */,
			);
			buildRules = (
			);
			dependencies = (
			);
			name = PhonesList;
			productName = PhonesList;
			productReference = 2204612B2456BE0500B7552B /* Phones List.app */;
			productType = "com.apple.product-type.application";
		};
/* End PBXNativeTarget section */

/* Begin PBXProject section */
		220461232456BE0500B7552B /* Project object */ = {
			isa = PBXProject;
			attributes = {
				LastSwiftUpdateCheck = 1140;
				LastUpgradeCheck = 1140;
				ORGANIZATIONNAME = "Opryatnov Dmitriy";
				TargetAttributes = {
					2204612A2456BE0500B7552B = {
						CreatedOnToolsVersion = 11.4.1;
					};
				};
			};
			buildConfigurationList = 220461262456BE0500B7552B /* Build configuration list for PBXProject "PhonesList" */;
			compatibilityVersion = "Xcode 9.3";
			developmentRegion = en;
			hasScannedForEncodings = 0;
			knownRegions = (
				en,
				Base,
			);
			mainGroup = 220461222456BE0500B7552B;
			productRefGroup = 2204612C2456BE0500B7552B /* Products */;
			projectDirPath = "";
			projectRoot = "";
			targets = (
				2204612A2456BE0500B7552B /* PhonesList */,
			);
		};
/* End PBXProject section */

/* Begin PBXResourcesBuildPhase section */
		220461292456BE0500B7552B /* Resources */ = {
			isa = PBXResourcesBuildPhase;
			buildActionMask = 2147483647;
			files = (
				2204613B2456BE0900B7552B /* LaunchScreen.storyboard in Resources */,
				220461382456BE0900B7552B /* Assets.xcassets in Resources */,
				220461362456BE0500B7552B /* Main.storyboard in Resources */,
			);
			runOnlyForDeploymentPostprocessing = 0;
		};
/* End PBXResourcesBuildPhase section */

/* Begin PBXSourcesBuildPhase section */
		220461272456BE0500B7552B /* Sources */ = {
			isa = PBXSourcesBuildPhase;
			buildActionMask = 2147483647;
			files = (
				220461332456BE0500B7552B /* ViewController.swift in Sources */,
				2204612F2456BE0500B7552B /* AppDelegate.swift in Sources */,
				220461312456BE0500B7552B /* SceneDelegate.swift in Sources */,
			);
			runOnlyForDeploymentPostprocessing = 0;
		};
/* End PBXSourcesBuildPhase section */

/* Begin PBXVariantGroup section */
		220461342456BE0500B7552B /* Main.storyboard */ = {
			isa = PBXVariantGroup;
			children = (
				220461352456BE0500B7552B /* Base */,
			);
			name = Main.storyboard;
			sourceTree = "<group>";
		};
		220461392456BE0900B7552B /* LaunchScreen.storyboard */ = {
			isa = PBXVariantGroup;
			children = (
				2204613A2456BE0900B7552B /* Base */,
			);
			name = LaunchScreen.storyboard;
			sourceTree = "<group>";
		};
/* End PBXVariantGroup section */

/* Begin XCBuildConfiguration section */
		2204613D2456BE0900B7552B /* Debug */ = {
			isa = XCBuildConfiguration;
			buildSettings = {
				ALWAYS_SEARCH_USER_PATHS = NO;
				CLANG_ANALYZER_NONNULL = YES;
				CLANG_ANALYZER_NUMBER_OBJECT_CONVERSION = YES_AGGRESSIVE;
				CLANG_CXX_LANGUAGE_STANDARD = "gnu++14";
				CLANG_CXX_LIBRARY = "libc++";
				CLANG_ENABLE_MODULES = YES;
				CLANG_ENABLE_OBJC_ARC = YES;
				CLANG_ENABLE_OBJC_WEAK = YES;
				CLANG_WARN_BLOCK_CAPTURE_AUTORELEASING = YES;
				CLANG_WARN_BOOL_CONVERSION = YES;
				CLANG_WARN_COMMA = YES;
				CLANG_WARN_CONSTANT_CONVERSION = YES;
				CLANG_WARN_DEPRECATED_OBJC_IMPLEMENTATIONS = YES;
				CLANG_WARN_DIRECT_OBJC_ISA_USAGE = YES_ERROR;
				CLANG_WARN_DOCUMENTATION_COMMENTS = YES;
				CLANG_WARN_EMPTY_BODY = YES;
				CLANG_WARN_ENUM_CONVERSION = YES;
				CLANG_WARN_INFINITE_RECURSION = YES;
				CLANG_WARN_INT_CONVERSION = YES;
				CLANG_WARN_NON_LITERAL_NULL_CONVERSION = YES;
				CLANG_WARN_OBJC_IMPLICIT_RETAIN_SELF = YES;
				CLANG_WARN_OBJC_LITERAL_CONVERSION = YES;
				CLANG_WARN_OBJC_ROOT_CLASS = YES_ERROR;
				CLANG_WARN_RANGE_LOOP_ANALYSIS = YES;
				CLANG_WARN_STRICT_PROTOTYPES = YES;
				CLANG_WARN_SUSPICIOUS_MOVE = YES;
				CLANG_WARN_UNGUARDED_AVAILABILITY = YES_AGGRESSIVE;
				CLANG_WARN_UNREACHABLE_CODE = YES;
				CLANG_WARN__DUPLICATE_METHOD_MATCH = YES;
				COPY_PHASE_STRIP = NO;
				DEBUG_INFORMATION_FORMAT = dwarf;
				ENABLE_STRICT_OBJC_MSGSEND = YES;
				ENABLE_TESTABILITY = YES;
				GCC_C_LANGUAGE_STANDARD = gnu11;
				GCC_DYNAMIC_NO_PIC = NO;
				GCC_NO_COMMON_BLOCKS = YES;
				GCC_OPTIMIZATION_LEVEL = 0;
				GCC_PREPROCESSOR_DEFINITIONS = (
					"DEBUG=1",
					"$(inherited)",
				);
				GCC_WARN_64_TO_32_BIT_CONVERSION = YES;
				GCC_WARN_ABOUT_RETURN_TYPE = YES_ERROR;
				GCC_WARN_UNDECLARED_SELECTOR = YES;
				GCC_WARN_UNINITIALIZED_AUTOS = YES_AGGRESSIVE;
				GCC_WARN_UNUSED_FUNCTION = YES;
				GCC_WARN_UNUSED_VARIABLE = YES;
				IPHONEOS_DEPLOYMENT_TARGET = 13.4;
				MTL_ENABLE_DEBUG_INFO = INCLUDE_SOURCE;
				MTL_FAST_MATH = YES;
				ONLY_ACTIVE_ARCH = YES;
				SDKROOT = iphoneos;
				SWIFT_ACTIVE_COMPILATION_CONDITIONS = DEBUG;
				SWIFT_OPTIMIZATION_LEVEL = "-Onone";
			};
			name = Debug;
		};
		2204613E2456BE0900B7552B /* Release */ = {
			isa = XCBuildConfiguration;
			buildSettings = {
				ALWAYS_SEARCH_USER_PATHS = NO;
				CLANG_ANALYZER_NONNULL = YES;
				CLANG_ANALYZER_NUMBER_OBJECT_CONVERSION = YES_AGGRESSIVE;
				CLANG_CXX_LANGUAGE_STANDARD = "gnu++14";
				CLANG_CXX_LIBRARY = "libc++";
				CLANG_ENABLE_MODULES = YES;
				CLANG_ENABLE_OBJC_ARC = YES;
				CLANG_ENABLE_OBJC_WEAK = YES;
				CLANG_WARN_BLOCK_CAPTURE_AUTORELEASING = YES;
				CLANG_WARN_BOOL_CONVERSION = YES;
				CLANG_WARN_COMMA = YES;
				CLANG_WARN_CONSTANT_CONVERSION = YES;
				CLANG_WARN_DEPRECATED_OBJC_IMPLEMENTATIONS = YES;
				CLANG_WARN_DIRECT_OBJC_ISA_USAGE = YES_ERROR;
				CLANG_WARN_DOCUMENTATION_COMMENTS = YES;
				CLANG_WARN_EMPTY_BODY = YES;
				CLANG_WARN_ENUM_CONVERSION = YES;
				CLANG_WARN_INFINITE_RECURSION = YES;
				CLANG_WARN_INT_CONVERSION = YES;
				CLANG_WARN_NON_LITERAL_NULL_CONVERSION = YES;
				CLANG_WARN_OBJC_IMPLICIT_RETAIN_SELF = YES;
				CLANG_WARN_OBJC_LITERAL_CONVERSION = YES;
				CLANG_WARN_OBJC_ROOT_CLASS = YES_ERROR;
				CLANG_WARN_RANGE_LOOP_ANALYSIS = YES;
				CLANG_WARN_STRICT_PROTOTYPES = YES;
				CLANG_WARN_SUSPICIOUS_MOVE = YES;
				CLANG_WARN_UNGUARDED_AVAILABILITY = YES_AGGRESSIVE;
				CLANG_WARN_UNREACHABLE_CODE = YES;
				CLANG_WARN__DUPLICATE_METHOD_MATCH = YES;
				COPY_PHASE_STRIP = NO;
				DEBUG_INFORMATION_FORMAT = "dwarf-with-dsym";
				ENABLE_NS_ASSERTIONS = NO;
				ENABLE_STRICT_OBJC_MSGSEND = YES;
				GCC_C_LANGUAGE_STANDARD = gnu11;
				GCC_NO_COMMON_BLOCKS = YES;
				GCC_WARN_64_TO_32_BIT_CONVERSION = YES;
				GCC_WARN_ABOUT_RETURN_TYPE = YES_ERROR;
				GCC_WARN_UNDECLARED_SELECTOR = YES;
				GCC_WARN_UNINITIALIZED_AUTOS = YES_AGGRESSIVE;
				GCC_WARN_UNUSED_FUNCTION = YES;
				GCC_WARN_UNUSED_VARIABLE = YES;
				IPHONEOS_DEPLOYMENT_TARGET = 13.4;
				MTL_ENABLE_DEBUG_INFO = NO;
				MTL_FAST_MATH = YES;
				SDKROOT = iphoneos;
				SWIFT_COMPILATION_MODE = wholemodule;
				SWIFT_OPTIMIZATION_LEVEL = "-O";
				VALIDATE_PRODUCT = YES;
			};
			name = Release;
		};
		220461402456BE0900B7552B /* Debug */ = {
			isa = XCBuildConfiguration;
			buildSettings = {
				ASSETCATALOG_COMPILER_APPICON_NAME = AppIcon;
				CODE_SIGN_STYLE = Automatic;
				INFOPLIST_FILE = PhonesList/Info.plist;
				IPHONEOS_DEPLOYMENT_TARGET = 12.0;
				LD_RUNPATH_SEARCH_PATHS = (
					"$(inherited)",
					"@executable_path/Frameworks",
				);
				PRODUCT_BUNDLE_IDENTIFIER = none.PhonesList;
				PRODUCT_NAME = "Phones List";
				SWIFT_VERSION = 5.0;
				TARGETED_DEVICE_FAMILY = "1,2";
			};
			name = Debug;
		};
		220461412456BE0900B7552B /* Release */ = {
			isa = XCBuildConfiguration;
			buildSettings = {
				ASSETCATALOG_COMPILER_APPICON_NAME = AppIcon;
				CODE_SIGN_STYLE = Automatic;
				INFOPLIST_FILE = PhonesList/Info.plist;
				IPHONEOS_DEPLOYMENT_TARGET = 12.0;
				LD_RUNPATH_SEARCH_PATHS = (
					"$(inherited)",
					"@executable_path/Frameworks",
				);
				PRODUCT_BUNDLE_IDENTIFIER = none.PhonesList;
				PRODUCT_NAME = "Phones List";
				SWIFT_VERSION = 5.0;
				TARGETED_DEVICE_FAMILY = "1,2";
			};
			name = Release;
		};
/* End XCBuildConfiguration section */

/* Begin XCConfigurationList section */
		220461262456BE0500B7552B /* Build configuration list for PBXProject "PhonesList" */ = {
			isa = XCConfigurationList;
			buildConfigurations = (
				2204613D2456BE0900B7552B /* Debug */,
				2204613E2456BE0900B7552B /* Release */,
			);
			defaultConfigurationIsVisible = 0;
			defaultConfigurationName = Release;
		};
		2204613F2456BE0900B7552B /* Build configuration list for PBXNativeTarget "PhonesList" */ = {
			isa = XCConfigurationList;
			buildConfigurations = (
				220461402456BE0900B7552B /* Debug */,
				220461412456BE0900B7552B /* Release */,
			);
			defaultConfigurationIsVisible = 0;
			defaultConfigurationName = Release;
		};
/* End XCConfigurationList section */
	};
	rootObject = 220461232456BE0500B7552B /* Project object */;
}
